<?xml version="1.0" encoding="utf-8"?>
<!--
 |  Copyright (c) 2014-2021 libbitcoin-protocol developers (see COPYING).
 |
 |         GENERATED SOURCE CODE, DO NOT EDIT EXCEPT EXPERIMENTALLY
 |
 -->
<Project DefaultTargets="Build" ToolsVersion="15.0" xmlns="http://schemas.microsoft.com/developer/msbuild/2003">
  <ItemGroup>
    <Filter Include="include">
      <UniqueIdentifier>{6B94E2A5-C054-4790-0000-000000000003}</UniqueIdentifier>
    </Filter>
    <Filter Include="include\bitcoin">
      <UniqueIdentifier>{6B94E2A5-C054-4790-0000-000000000004}</UniqueIdentifier>
    </Filter>
    <Filter Include="include\bitcoin\protocol">
      <UniqueIdentifier>{6B94E2A5-C054-4790-0000-000000000005}</UniqueIdentifier>
    </Filter>
    <Filter Include="include\bitcoin\protocol\config">
      <UniqueIdentifier>{6B94E2A5-C054-4790-0000-000000000006}</UniqueIdentifier>
    </Filter>
    <Filter Include="include\bitcoin\protocol\zmq">
      <UniqueIdentifier>{6B94E2A5-C054-4790-0000-000000000007}</UniqueIdentifier>
    </Filter>
    <Filter Include="resource">
      <UniqueIdentifier>{6B94E2A5-C054-4790-0000-000000000008}</UniqueIdentifier>
    </Filter>
    <Filter Include="src">
      <UniqueIdentifier>{6B94E2A5-C054-4790-0000-000000000000}</UniqueIdentifier>
    </Filter>
    <Filter Include="src\config">
      <UniqueIdentifier>{6B94E2A5-C054-4790-0000-000000000001}</UniqueIdentifier>
    </Filter>
    <Filter Include="src\zmq">
      <UniqueIdentifier>{6B94E2A5-C054-4790-0000-000000000002}</UniqueIdentifier>
    </Filter>
  </ItemGroup>
  <ItemGroup>
    <ClCompile Include="..\..\..\..\src\config\authority.cpp">
      <Filter>src\config</Filter>
    </ClCompile>
    <ClCompile Include="..\..\..\..\src\config\endpoint.cpp">
      <Filter>src\config</Filter>
    </ClCompile>
    <ClCompile Include="..\..\..\..\src\config\sodium.cpp">
      <Filter>src\config</Filter>
    </ClCompile>
    <ClCompile Include="..\..\..\..\src\settings.cpp">
      <Filter>src</Filter>
    </ClCompile>
    <ClCompile Include="..\..\..\..\src\zmq\authenticator.cpp">
      <Filter>src\zmq</Filter>
    </ClCompile>
    <ClCompile Include="..\..\..\..\src\zmq\certificate.cpp">
      <Filter>src\zmq</Filter>
    </ClCompile>
    <ClCompile Include="..\..\..\..\src\zmq\context.cpp">
      <Filter>src\zmq</Filter>
    </ClCompile>
    <ClCompile Include="..\..\..\..\src\zmq\error.cpp">
      <Filter>src\zmq</Filter>
    </ClCompile>
    <ClCompile Include="..\..\..\..\src\zmq\frame.cpp">
      <Filter>src\zmq</Filter>
    </ClCompile>
    <ClCompile Include="..\..\..\..\src\zmq\identifiers.cpp">
      <Filter>src\zmq</Filter>
    </ClCompile>
    <ClCompile Include="..\..\..\..\src\zmq\message.cpp">
      <Filter>src\zmq</Filter>
    </ClCompile>
    <ClCompile Include="..\..\..\..\src\zmq\poller.cpp">
      <Filter>src\zmq</Filter>
    </ClCompile>
    <ClCompile Include="..\..\..\..\src\zmq\socket.cpp">
      <Filter>src\zmq</Filter>
    </ClCompile>
    <ClCompile Include="..\..\..\..\src\zmq\worker.cpp">
      <Filter>src\zmq</Filter>
    </ClCompile>
  </ItemGroup>
  <ItemGroup>
    <ClInclude Include="..\..\..\..\include\bitcoin\protocol.hpp">
      <Filter>include\bitcoin</Filter>
    </ClInclude>
    <ClInclude Include="..\..\..\..\include\bitcoin\protocol\config\authority.hpp">
      <Filter>include\bitcoin\protocol\config</Filter>
    </ClInclude>
    <ClInclude Include="..\..\..\..\include\bitcoin\protocol\config\endpoint.hpp">
      <Filter>include\bitcoin\protocol\config</Filter>
    </ClInclude>
    <ClInclude Include="..\..\..\..\include\bitcoin\protocol\config\sodium.hpp">
      <Filter>include\bitcoin\protocol\config</Filter>
    </ClInclude>
    <ClInclude Include="..\..\..\..\include\bitcoin\protocol\define.hpp">
      <Filter>include\bitcoin\protocol</Filter>
    </ClInclude>
    <ClInclude Include="..\..\..\..\include\bitcoin\protocol\settings.hpp">
      <Filter>include\bitcoin\protocol</Filter>
    </ClInclude>
    <ClInclude Include="..\..\..\..\include\bitcoin\protocol\version.hpp">
      <Filter>include\bitcoin\protocol</Filter>
    </ClInclude>
    <ClInclude Include="..\..\..\..\include\bitcoin\protocol\zmq\authenticator.hpp">
      <Filter>include\bitcoin\protocol\zmq</Filter>
    </ClInclude>
    <ClInclude Include="..\..\..\..\include\bitcoin\protocol\zmq\certificate.hpp">
      <Filter>include\bitcoin\protocol\zmq</Filter>
    </ClInclude>
    <ClInclude Include="..\..\..\..\include\bitcoin\protocol\zmq\context.hpp">
      <Filter>include\bitcoin\protocol\zmq</Filter>
    </ClInclude>
    <ClInclude Include="..\..\..\..\include\bitcoin\protocol\zmq\error.hpp">
      <Filter>include\bitcoin\protocol\zmq</Filter>
    </ClInclude>
    <ClInclude Include="..\..\..\..\include\bitcoin\protocol\zmq\frame.hpp">
      <Filter>include\bitcoin\protocol\zmq</Filter>
    </ClInclude>
    <ClInclude Include="..\..\..\..\include\bitcoin\protocol\zmq\identifiers.hpp">
      <Filter>include\bitcoin\protocol\zmq</Filter>
    </ClInclude>
    <ClInclude Include="..\..\..\..\include\bitcoin\protocol\zmq\message.hpp">
      <Filter>include\bitcoin\protocol\zmq</Filter>
    </ClInclude>
    <ClInclude Include="..\..\..\..\include\bitcoin\protocol\zmq\poller.hpp">
      <Filter>include\bitcoin\protocol\zmq</Filter>
    </ClInclude>
    <ClInclude Include="..\..\..\..\include\bitcoin\protocol\zmq\socket.hpp">
      <Filter>include\bitcoin\protocol\zmq</Filter>
    </ClInclude>
    <ClInclude Include="..\..\..\..\include\bitcoin\protocol\zmq\worker.hpp">
      <Filter>include\bitcoin\protocol\zmq</Filter>
    </ClInclude>
    <ClInclude Include="..\..\..\..\include\bitcoin\protocol\zmq\zeromq.hpp">
      <Filter>include\bitcoin\protocol\zmq</Filter>
    </ClInclude>
    <ClInclude Include="..\..\..\..\include\bitcoin\protocol\network.hpp">
      <Filter>include\bitcoin\protocol</Filter>
    </ClInclude>
    <ClInclude Include="..\..\..\..\include\bitcoin\protocol\config\config.hpp">
      <Filter>include\bitcoin\protocol\config</Filter>
    </ClInclude>
    <ClInclude Include="..\..\..\..\include\bitcoin\protocol\boost.hpp">
      <Filter>include\bitcoin\protocol</Filter>
    </ClInclude>
  </ItemGroup>
  <ItemGroup>
    <None Include="packages.config" />
  </ItemGroup>
  <ItemGroup>
    <Natvis Include="..\..\debug.natvis" />
  </ItemGroup>
</Project>