<?xml version="1.0" encoding="utf-8"?>
<Project ToolsVersion="4.0" xmlns="http://schemas.microsoft.com/developer/msbuild/2003">
  <ItemGroup>
    <None Include="packages.config" />
  </ItemGroup>
  <ItemGroup>
    <Filter Include="src">
      <UniqueIdentifier>{4d8600cf-1586-49be-abdc-525c227b3a02}</UniqueIdentifier>
    </Filter>
    <Filter Include="src\zmq">
      <UniqueIdentifier>{be07d12d-9dae-4731-8b0d-acdec8ab7968}</UniqueIdentifier>
    </Filter>
  </ItemGroup>
  <ItemGroup>
    <ClCompile Include="..\..\..\..\test\main.cpp">
      <Filter>src</Filter>
    </ClCompile>
    <ClCompile Include="..\..\..\..\test\protocol.cpp">
      <Filter>src</Filter>
    </ClCompile>
    <ClCompile Include="..\..\..\..\test\converter.cpp">
      <Filter>src</Filter>
    </ClCompile>
    <ClCompile Include="..\..\..\..\test\zmq\zmq.cpp">
      <Filter>src\zmq</Filter>
    </ClCompile>
    <ClCompile Include="..\..\..\..\test\zmq\poller_test.cpp">
      <Filter>src\zmq</Filter>
    </ClCompile>
    <ClCompile Include="..\..\..\..\test\zmq\thread_test.cpp">
      <Filter>src\zmq</Filter>
    </ClCompile>
    <ClCompile Include="..\..\..\..\test\zmq\ironhouse2.cpp">
      <Filter>src\zmq</Filter>
    </ClCompile>
  </ItemGroup>
</Project>