<?xml version="1.0" encoding="utf-8"?>
<Project ToolsVersion="4.0" xmlns="http://schemas.microsoft.com/developer/msbuild/2003">
  <ItemGroup>
    <None Include="packages.config" />
  </ItemGroup>
  <ItemGroup>
    <Filter Include="src">
      <UniqueIdentifier>{ebc99a88-4c3d-44db-aabe-824f64490e84}</UniqueIdentifier>
    </Filter>
    <Filter Include="include">
      <UniqueIdentifier>{d0e2a66a-ed2a-4bbd-93df-0564f7e97295}</UniqueIdentifier>
    </Filter>
    <Filter Include="include\bitcoin">
      <UniqueIdentifier>{f12c7057-c4cf-406e-aaca-67fc543a3163}</UniqueIdentifier>
    </Filter>
    <Filter Include="include\bitcoin\protocol">
      <UniqueIdentifier>{c51da6c8-7df7-48b3-a9c0-730e4eb199c3}</UniqueIdentifier>
    </Filter>
    <Filter Include="include\bitcoin\protocol\zmq">
      <UniqueIdentifier>{63f9c630-60a8-49b2-a9f7-4def71562ab3}</UniqueIdentifier>
    </Filter>
    <Filter Include="src\zmq">
      <UniqueIdentifier>{40d69ec6-5ffd-4db6-871f-a62f29929a8d}</UniqueIdentifier>
    </Filter>
  </ItemGroup>
  <ItemGroup>
    <ClCompile Include="..\..\..\..\src\zmq\message.cpp">
      <Filter>src\zmq</Filter>
    </ClCompile>
    <ClCompile Include="..\..\..\..\src\zmq\poller.cpp">
      <Filter>src\zmq</Filter>
    </ClCompile>
    <ClCompile Include="..\..\..\..\src\zmq\socket.cpp">
      <Filter>src\zmq</Filter>
    </ClCompile>
    <ClCompile Include="..\..\..\..\src\zmq\authenticator.cpp">
      <Filter>src\zmq</Filter>
    </ClCompile>
    <ClCompile Include="..\..\..\..\src\zmq\certificate.cpp">
      <Filter>src\zmq</Filter>
    </ClCompile>
    <ClCompile Include="..\..\..\..\src\zmq\context.cpp">
      <Filter>src\zmq</Filter>
    </ClCompile>
    <ClCompile Include="..\..\..\..\src\zmq\frame.cpp">
      <Filter>src\zmq</Filter>
    </ClCompile>
    <ClCompile Include="..\..\..\..\src\zmq\identifiers.cpp">
      <Filter>src\zmq</Filter>
    </ClCompile>
    <ClCompile Include="..\..\..\..\src\zmq\worker.cpp">
      <Filter>src\zmq</Filter>
    </ClCompile>
    <ClCompile Include="..\..\..\..\src\zmq\zeromq.cpp">
      <Filter>src\zmq</Filter>
    </ClCompile>
    <ClCompile Include="..\..\..\..\src\settings.cpp">
      <Filter>src</Filter>
    </ClCompile>
  </ItemGroup>
  <ItemGroup>
    <ClInclude Include="..\..\..\..\include\bitcoin\protocol.hpp">
      <Filter>include\bitcoin</Filter>
    </ClInclude>
    <ClInclude Include="..\..\..\..\include\bitcoin\protocol\define.hpp">
      <Filter>include\bitcoin\protocol</Filter>
    </ClInclude>
    <ClInclude Include="..\..\..\..\include\bitcoin\protocol\version.hpp">
      <Filter>include\bitcoin\protocol</Filter>
    </ClInclude>
    <ClInclude Include="..\..\..\..\include\bitcoin\protocol\zmq\poller.hpp">
      <Filter>include\bitcoin\protocol\zmq</Filter>
    </ClInclude>
    <ClInclude Include="..\..\..\..\include\bitcoin\protocol\zmq\socket.hpp">
      <Filter>include\bitcoin\protocol\zmq</Filter>
    </ClInclude>
    <ClInclude Include="..\..\..\..\include\bitcoin\protocol\zmq\authenticator.hpp">
      <Filter>include\bitcoin\protocol\zmq</Filter>
    </ClInclude>
    <ClInclude Include="..\..\..\..\include\bitcoin\protocol\zmq\certificate.hpp">
      <Filter>include\bitcoin\protocol\zmq</Filter>
    </ClInclude>
    <ClInclude Include="..\..\..\..\include\bitcoin\protocol\zmq\context.hpp">
      <Filter>include\bitcoin\protocol\zmq</Filter>
    </ClInclude>
    <ClInclude Include="..\..\..\..\include\bitcoin\protocol\zmq\message.hpp">
      <Filter>include\bitcoin\protocol\zmq</Filter>
    </ClInclude>
    <ClInclude Include="..\..\..\..\include\bitcoin\protocol\zmq\frame.hpp">
      <Filter>include\bitcoin\protocol\zmq</Filter>
    </ClInclude>
    <ClInclude Include="..\..\..\..\include\bitcoin\protocol\zmq\identifiers.hpp">
      <Filter>include\bitcoin\protocol\zmq</Filter>
    </ClInclude>
    <ClInclude Include="..\..\..\..\include\bitcoin\protocol\zmq\worker.hpp">
      <Filter>include\bitcoin\protocol\zmq</Filter>
    </ClInclude>
    <ClInclude Include="..\..\..\..\include\bitcoin\protocol\zmq\zeromq.hpp">
      <Filter>include\bitcoin\protocol\zmq</Filter>
    </ClInclude>
    <ClInclude Include="..\..\..\..\include\bitcoin\protocol\settings.hpp">
      <Filter>include\bitcoin\protocol</Filter>
    </ClInclude>
  </ItemGroup>
</Project>