
Microsoft Visual Studio Solution File, Format Version 12.00
# Visual Studio 15
VisualStudioVersion = 15.0.27004.2010
MinimumVisualStudioVersion = 10.0.40219.1
Project("{8BC9CEB8-8B4A-11D0-8D11-00A0C91BC942}") = "libbitcoin-protocol", "libbitcoin-protocol\libbitcoin-protocol.vcxproj", "{6B94E2A5-C054-4790-963D-A7BE493259B0}"
EndProject
Project("{8BC9CEB8-8B4A-11D0-8D11-00A0C91BC942}") = "libbitcoin-protocol-test", "libbitcoin-protocol-test\libbitcoin-protocol-test.vcxproj", "{C42BE17B-063D-44F1-A5BB-9F8295144B70}"
EndProject
Global
	GlobalSection(SolutionConfigurationPlatforms) = preSolution
		StaticDebug|Win32 = StaticDebug|Win32
		StaticDebug|x64 = StaticDebug|x64
		StaticRelease|Win32 = StaticRelease|Win32
		StaticRelease|x64 = StaticRelease|x64
	EndGlobalSection
	GlobalSection(ProjectConfigurationPlatforms) = postSolution
		{6B94E2A5-C054-4790-963D-A7BE493259B0}.StaticDebug|Win32.ActiveCfg = DebugLIB|Win32
		{6B94E2A5-C054-4790-963D-A7BE493259B0}.StaticDebug|Win32.Build.0 = DebugLIB|Win32
		{6B94E2A5-C054-4790-963D-A7BE493259B0}.StaticDebug|x64.ActiveCfg = DebugLIB|x64
		{6B94E2A5-C054-4790-963D-A7BE493259B0}.StaticDebug|x64.Build.0 = DebugLIB|x64
		{6B94E2A5-C054-4790-963D-A7BE493259B0}.StaticRelease|Win32.ActiveCfg = ReleaseLIB|Win32
		{6B94E2A5-C054-4790-963D-A7BE493259B0}.StaticRelease|Win32.Build.0 = ReleaseLIB|Win32
		{6B94E2A5-C054-4790-963D-A7BE493259B0}.StaticRelease|x64.ActiveCfg = ReleaseLIB|x64
		{6B94E2A5-C054-4790-963D-A7BE493259B0}.StaticRelease|x64.Build.0 = ReleaseLIB|x64
		{C42BE17B-063D-44F1-A5BB-9F8295144B70}.StaticDebug|Win32.ActiveCfg = DebugSEXE|Win32
		{C42BE17B-063D-44F1-A5BB-9F8295144B70}.StaticDebug|Win32.Build.0 = DebugSEXE|Win32
		{C42BE17B-063D-44F1-A5BB-9F8295144B70}.StaticDebug|x64.ActiveCfg = DebugSEXE|x64
		{C42BE17B-063D-44F1-A5BB-9F8295144B70}.StaticDebug|x64.Build.0 = DebugSEXE|x64
		{C42BE17B-063D-44F1-A5BB-9F8295144B70}.StaticRelease|Win32.ActiveCfg = ReleaseSEXE|Win32
		{C42BE17B-063D-44F1-A5BB-9F8295144B70}.StaticRelease|Win32.Build.0 = ReleaseSEXE|Win32
		{C42BE17B-063D-44F1-A5BB-9F8295144B70}.StaticRelease|x64.ActiveCfg = ReleaseSEXE|x64
		{C42BE17B-063D-44F1-A5BB-9F8295144B70}.StaticRelease|x64.Build.0 = ReleaseSEXE|x64
	EndGlobalSection
	GlobalSection(SolutionProperties) = preSolution
		HideSolutionNode = FALSE
	EndGlobalSection
EndGlobal
